
Microsoft Visual Studio Solution File, Format Version 12.00
# Visual Studio Version 16
VisualStudioVersion = 16.0.32228.343
MinimumVisualStudioVersion = 10.0.40219.1
Project("{FAE04EC0-301F-11D3-BF4B-00C04F79EFBC}") = "lb-1", "lb-1\lb-1.csproj", "{E30126D5-B5B6-4F8E-AE28-0734D8D677B1}"
EndProject
Global
	GlobalSection(SolutionConfigurationPlatforms) = preSolution
		Debug|Any CPU = Debug|Any CPU
		Release|Any CPU = Release|Any CPU
	EndGlobalSection
	GlobalSection(ProjectConfigurationPlatforms) = postSolution
		{E30126D5-B5B6-4F8E-AE28-0734D8D677B1}.Debug|Any CPU.ActiveCfg = Debug|Any CPU
		{E30126D5-B5B6-4F8E-AE28-0734D8D677B1}.Debug|Any CPU.Build.0 = Debug|Any CPU
		{E30126D5-B5B6-4F8E-AE28-0734D8D677B1}.Release|Any CPU.ActiveCfg = Release|Any CPU
		{E30126D5-B5B6-4F8E-AE28-0734D8D677B1}.Release|Any CPU.Build.0 = Release|Any CPU
	EndGlobalSection
	GlobalSection(SolutionProperties) = preSolution
		HideSolutionNode = FALSE
	EndGlobalSection
	GlobalSection(ExtensibilityGlobals) = postSolution
		SolutionGuid = {12912C96-B2F1-491B-8EE7-91544EFB8A13}
	EndGlobalSection
EndGlobal
